PODS:
  - CYRTextView (0.4.0)
  - MJRefresh (3.1.7)
  - NJKWebViewProgress (0.2.3):
    - NJKWebViewProgress/Core (= 0.2.3)
    - NJKWebViewProgress/ProgressView (= 0.2.3)
  - NJKWebViewProgress/Core (0.2.3)
  - NJKWebViewProgress/ProgressView (0.2.3)
  - RFKeyboardToolbar (1.3)
  - SIAlertView (1.3)
  - STPopup (1.7.0)
  - SWTableViewCell (0.3.7)
  - TAOverlay (2.0.1)
  - VIPhotoView (0.1)

DEPENDENCIES:
  - CYRTextView
  - MJRefresh
  - NJKWebViewProgress
  - RFKeyboardToolbar
  - SIAlertView (from `Vendors/SIAlertView`)
  - STPopup
  - SWTableViewCell
  - TAOverlay
  - VIPhotoView (from `Vendors/VIPhotoView`)

EXTERNAL SOURCES:
  SIAlertView:
    :path: Vendors/SIAlertView
  VIPhotoView:
    :path: Vendors/VIPhotoView

SPEC CHECKSUMS:
  CYRTextView: 1c1a4d708eee54ecad66b8ad42dbfe73083bdfce
  MJRefresh: f67f0750d57a4e4ae433da549359ca53b52cdc7d
  NJKWebViewProgress: f481fd424cb5ecc27eacae11b5397db92fba9a4d
  RFKeyboardToolbar: c96a7d9458564d1fedc8ef6844b6c467934aade2
  SIAlertView: 20c794b55eaf44d888773ea51647cf8907723919
  STPopup: 36b45120f51ab3cdf7a10c1b9032b7fc8eef75ac
  SWTableViewCell: 2a94aadc9d47b2b611fa064566bf57948b95b579
  TAOverlay: 940e37fdb45fbc9acfc73bf1089668367e3b1be6
  VIPhotoView: c29131f260c3a23b0dcbe2d2c50a0d25004114f4

PODFILE CHECKSUM: bb6933ca4282ffc4c3d83e5c5a851101f8267703

COCOAPODS: 1.0.1
