// !$*UTF8*$!
{
	archiveVersion = 1;
	classes = {
	};
	objectVersion = 46;
	objects = {

/* Begin PBXBuildFile section */
		2C06B4C71D339F0E000A780C /* UIViewController+Extension.swift in Sources */ = {isa = PBXBuildFile; fileRef = 2C06B4C61D339F0E000A780C /* UIViewController+Extension.swift */; };
		2C06B4CB1D35CF07000A780C /* ScriptInfoViewController.swift in Sources */ = {isa = PBXBuildFile; fileRef = 2C06B4CA1D35CF07000A780C /* ScriptInfoViewController.swift */; };
		2C06B4CE1D35D4D2000A780C /* CustomLabelCell.swift in Sources */ = {isa = PBXBuildFile; fileRef = 2C06B4CD1D35D4D2000A780C /* CustomLabelCell.swift */; };
		2C06B4D01D35F167000A780C /* KeyBoardSettingInfoViewController.swift in Sources */ = {isa = PBXBuildFile; fileRef = 2C06B4CF1D35F167000A780C /* KeyBoardSettingInfoViewController.swift */; };
		2C06B4D21D360DF8000A780C /* UserSettingInfoViewController.swift in Sources */ = {isa = PBXBuildFile; fileRef = 2C06B4D11D360DF8000A780C /* UserSettingInfoViewController.swift */; };
		2C06B4D41D3614DA000A780C /* DevelopDocumentInfoViewController.swift in Sources */ = {isa = PBXBuildFile; fileRef = 2C06B4D31D3614DA000A780C /* DevelopDocumentInfoViewController.swift */; };
		2C06B4D61D3618FF000A780C /* NewNameViewController.swift in Sources */ = {isa = PBXBuildFile; fileRef = 2C06B4D51D3618FF000A780C /* NewNameViewController.swift */; };
		2C06B4D81D36264B000A780C /* RenameViewController.swift in Sources */ = {isa = PBXBuildFile; fileRef = 2C06B4D71D36264B000A780C /* RenameViewController.swift */; };
		2C20D81C1D0FC74A009A4990 /* UIViewController+Transition.swift in Sources */ = {isa = PBXBuildFile; fileRef = 2C20D81B1D0FC74A009A4990 /* UIViewController+Transition.swift */; };
		2C2A051F1D3DE3A900F31EAE /* RecordSettingInfoViewController.swift in Sources */ = {isa = PBXBuildFile; fileRef = 2C2A051E1D3DE3A900F31EAE /* RecordSettingInfoViewController.swift */; };
		2C2E7D371D2C974E00117025 /* CaseString.swift in Sources */ = {isa = PBXBuildFile; fileRef = 2C2E7D361D2C974E00117025 /* CaseString.swift */; };
		2C4FFA3C1D2600B100DBEEDB /* PhotoViewController.swift in Sources */ = {isa = PBXBuildFile; fileRef = 2C4FFA3B1D2600B100DBEEDB /* PhotoViewController.swift */; };
		2C4FFA431D2A173F00DBEEDB /* main.swift in Sources */ = {isa = PBXBuildFile; fileRef = 2C4FFA421D2A173F00DBEEDB /* main.swift */; };
		2C4FFA4B1D2B708500DBEEDB /* Defaults.plist in Resources */ = {isa = PBXBuildFile; fileRef = 2C4FFA4A1D2B708500DBEEDB /* Defaults.plist */; };
		2C4FFA4E1D2B71AD00DBEEDB /* LocalStorage.swift in Sources */ = {isa = PBXBuildFile; fileRef = 2C4FFA4D1D2B71AD00DBEEDB /* LocalStorage.swift */; };
		2C4FFA501D2B73E100DBEEDB /* Defaults.swift in Sources */ = {isa = PBXBuildFile; fileRef = 2C4FFA4F1D2B73E100DBEEDB /* Defaults.swift */; };
		2C54F0DA1D17E436005F35AD /* StartUpListCell.swift in Sources */ = {isa = PBXBuildFile; fileRef = 2C54F0D91D17E436005F35AD /* StartUpListCell.swift */; };
		2C54F0DD1D17ED5D005F35AD /* UserSettingViewController.swift in Sources */ = {isa = PBXBuildFile; fileRef = 2C54F0DC1D17ED5D005F35AD /* UserSettingViewController.swift */; };
		2C54F0E21D17F492005F35AD /* Switches.swift in Sources */ = {isa = PBXBuildFile; fileRef = 2C54F0E11D17F492005F35AD /* Switches.swift */; };
		2C54F0E81D18EA99005F35AD /* ApplicationListViewController.swift in Sources */ = {isa = PBXBuildFile; fileRef = 2C54F0E71D18EA99005F35AD /* ApplicationListViewController.swift */; };
		2C54F0EB1D1907BC005F35AD /* AuthorizationViewController.swift in Sources */ = {isa = PBXBuildFile; fileRef = 2C54F0EA1D1907BC005F35AD /* AuthorizationViewController.swift */; };
		2C54F0EE1D190BE4005F35AD /* AuthorizationCell.swift in Sources */ = {isa = PBXBuildFile; fileRef = 2C54F0ED1D190BE4005F35AD /* AuthorizationCell.swift */; };
		2C54F0F01D1916E5005F35AD /* AuthorizationBindCell.swift in Sources */ = {isa = PBXBuildFile; fileRef = 2C54F0EF1D1916E5005F35AD /* AuthorizationBindCell.swift */; };
		2C54F0F41D1926CA005F35AD /* ApplicationListModel.swift in Sources */ = {isa = PBXBuildFile; fileRef = 2C54F0F31D1926CA005F35AD /* ApplicationListModel.swift */; };
		2C54F0F71D192805005F35AD /* ApplicationListCell.swift in Sources */ = {isa = PBXBuildFile; fileRef = 2C54F0F61D192805005F35AD /* ApplicationListCell.swift */; };
		2C54F0F91D193559005F35AD /* ApplicationDetailViewController.swift in Sources */ = {isa = PBXBuildFile; fileRef = 2C54F0F81D193559005F35AD /* ApplicationDetailViewController.swift */; };
		2C67AB411CFD218E008D53E8 /* Assets.xcassets in Resources */ = {isa = PBXBuildFile; fileRef = 2C67AB401CFD218E008D53E8 /* Assets.xcassets */; };
		2C67AB4F1CFD218E008D53E8 /* XXTouchAppTests.swift in Sources */ = {isa = PBXBuildFile; fileRef = 2C67AB4E1CFD218E008D53E8 /* XXTouchAppTests.swift */; };
		2C67AB811CFD2AAA008D53E8 /* AppDelegate.swift in Sources */ = {isa = PBXBuildFile; fileRef = 2C67AB7B1CFD2AAA008D53E8 /* AppDelegate.swift */; };
		2C67AB821CFD2AAA008D53E8 /* ScriptViewController.swift in Sources */ = {isa = PBXBuildFile; fileRef = 2C67AB7F1CFD2AAA008D53E8 /* ScriptViewController.swift */; };
		2C73408B1D10FC6100CED0F3 /* SwiftyJSON.swift in Sources */ = {isa = PBXBuildFile; fileRef = 2C73408A1D10FC6100CED0F3 /* SwiftyJSON.swift */; };
		2C7342DC1D1140AE00CED0F3 /* Constraint.swift in Sources */ = {isa = PBXBuildFile; fileRef = 2C7342CE1D1140AE00CED0F3 /* Constraint.swift */; };
		2C7342DD1D1140AE00CED0F3 /* ConstraintAttributes.swift in Sources */ = {isa = PBXBuildFile; fileRef = 2C7342CF1D1140AE00CED0F3 /* ConstraintAttributes.swift */; };
		2C7342DE1D1140AE00CED0F3 /* ConstraintDescription.swift in Sources */ = {isa = PBXBuildFile; fileRef = 2C7342D01D1140AE00CED0F3 /* ConstraintDescription.swift */; };
		2C7342DF1D1140AE00CED0F3 /* ConstraintItem.swift in Sources */ = {isa = PBXBuildFile; fileRef = 2C7342D11D1140AE00CED0F3 /* ConstraintItem.swift */; };
		2C7342E01D1140AE00CED0F3 /* ConstraintMaker.swift in Sources */ = {isa = PBXBuildFile; fileRef = 2C7342D21D1140AE00CED0F3 /* ConstraintMaker.swift */; };
		2C7342E11D1140AE00CED0F3 /* ConstraintRelation.swift in Sources */ = {isa = PBXBuildFile; fileRef = 2C7342D31D1140AE00CED0F3 /* ConstraintRelation.swift */; };
		2C7342E21D1140AE00CED0F3 /* Debugging.swift in Sources */ = {isa = PBXBuildFile; fileRef = 2C7342D41D1140AE00CED0F3 /* Debugging.swift */; };
		2C7342E31D1140AE00CED0F3 /* EdgeInsets.swift in Sources */ = {isa = PBXBuildFile; fileRef = 2C7342D51D1140AE00CED0F3 /* EdgeInsets.swift */; };
		2C7342E41D1140AE00CED0F3 /* Info.plist in Resources */ = {isa = PBXBuildFile; fileRef = 2C7342D61D1140AE00CED0F3 /* Info.plist */; };
		2C7342E51D1140AE00CED0F3 /* LayoutConstraint.swift in Sources */ = {isa = PBXBuildFile; fileRef = 2C7342D71D1140AE00CED0F3 /* LayoutConstraint.swift */; };
		2C7342E61D1140AE00CED0F3 /* SnapKit.swift in Sources */ = {isa = PBXBuildFile; fileRef = 2C7342D91D1140AE00CED0F3 /* SnapKit.swift */; };
		2C7342E71D1140AE00CED0F3 /* View+SnapKit.swift in Sources */ = {isa = PBXBuildFile; fileRef = 2C7342DA1D1140AE00CED0F3 /* View+SnapKit.swift */; };
		2C7342E81D1140AE00CED0F3 /* ViewController+SnapKit.swift in Sources */ = {isa = PBXBuildFile; fileRef = 2C7342DB1D1140AE00CED0F3 /* ViewController+SnapKit.swift */; };
		2C7342ED1D123E9C00CED0F3 /* RenameView.swift in Sources */ = {isa = PBXBuildFile; fileRef = 2C7342EC1D123E9C00CED0F3 /* RenameView.swift */; };
		2C7342F31D1260D800CED0F3 /* NewNameView.swift in Sources */ = {isa = PBXBuildFile; fileRef = 2C7342F21D1260D800CED0F3 /* NewNameView.swift */; };
		2CB9ED871D43416200588357 /* BaseTextField.swift in Sources */ = {isa = PBXBuildFile; fileRef = 2CB9ED861D43416200588357 /* BaseTextField.swift */; };
		2CC5F5881D1CFD040028467F /* MoreRemoteServiceCell.swift in Sources */ = {isa = PBXBuildFile; fileRef = 2CC5F5871D1CFD040028467F /* MoreRemoteServiceCell.swift */; };
		2CC84C001D178E2600D4230D /* Suffix.swift in Sources */ = {isa = PBXBuildFile; fileRef = 2CC84BFF1D178E2600D4230D /* Suffix.swift */; };
		2CC84C031D17B48600D4230D /* StartUpSettingViewController.swift in Sources */ = {isa = PBXBuildFile; fileRef = 2CC84C021D17B48600D4230D /* StartUpSettingViewController.swift */; };
		2CC84C091D17B69200D4230D /* CustomSettingCell.swift in Sources */ = {isa = PBXBuildFile; fileRef = 2CC84C081D17B69200D4230D /* CustomSettingCell.swift */; };
		2CD2F5631D127B90001C873F /* MoreCustomCell.swift in Sources */ = {isa = PBXBuildFile; fileRef = 2CD2F5621D127B90001C873F /* MoreCustomCell.swift */; };
		2CD2F5671D13A1C0001C873F /* Sizer.swift in Sources */ = {isa = PBXBuildFile; fileRef = 2CD2F5661D13A1C0001C873F /* Sizer.swift */; };
		2CD2F5691D13A280001C873F /* UIDevice+DeviceCheck.swift in Sources */ = {isa = PBXBuildFile; fileRef = 2CD2F5681D13A280001C873F /* UIDevice+DeviceCheck.swift */; };
		2CD2F56D1D13B0D6001C873F /* KeyBoardSettingViewController.swift in Sources */ = {isa = PBXBuildFile; fileRef = 2CD2F56C1D13B0D6001C873F /* KeyBoardSettingViewController.swift */; };
		2CD2F5701D13C00D001C873F /* KeyBoardSettingCell.swift in Sources */ = {isa = PBXBuildFile; fileRef = 2CD2F56F1D13C00D001C873F /* KeyBoardSettingCell.swift */; };
		2CD2F5731D13E7F3001C873F /* RecordSettingViewController.swift in Sources */ = {isa = PBXBuildFile; fileRef = 2CD2F5721D13E7F3001C873F /* RecordSettingViewController.swift */; };
		2CD7E7AC1D2F9F7B0023D099 /* UIView+HUD.swift in Sources */ = {isa = PBXBuildFile; fileRef = 2CD7E7AB1D2F9F7B0023D099 /* UIView+HUD.swift */; };
		2CF18BF71D1946B5007535CD /* ApplicationDetailCell.swift in Sources */ = {isa = PBXBuildFile; fileRef = 2CF18BF61D1946B5007535CD /* ApplicationDetailCell.swift */; };
		2CF18BFA1D1A440B007535CD /* AboutViewController.swift in Sources */ = {isa = PBXBuildFile; fileRef = 2CF18BF91D1A440B007535CD /* AboutViewController.swift */; };
		2CF18BFF1D1A5E31007535CD /* DevelopDocumentViewController.swift in Sources */ = {isa = PBXBuildFile; fileRef = 2CF18BFE1D1A5E31007535CD /* DevelopDocumentViewController.swift */; };
		2CF18C021D1A728B007535CD /* AboutTitleCell.swift in Sources */ = {isa = PBXBuildFile; fileRef = 2CF18C011D1A728B007535CD /* AboutTitleCell.swift */; };
		2CF18C041D1A741B007535CD /* DeviceInfoModel.swift in Sources */ = {isa = PBXBuildFile; fileRef = 2CF18C031D1A741B007535CD /* DeviceInfoModel.swift */; };
		2CF18C061D1A80BC007535CD /* AboutInfoCell.swift in Sources */ = {isa = PBXBuildFile; fileRef = 2CF18C051D1A80BC007535CD /* AboutInfoCell.swift */; };
		2CF749BB1CFD80A0007A273B /* ScriptDetailViewController.swift in Sources */ = {isa = PBXBuildFile; fileRef = 2CF749BA1CFD80A0007A273B /* ScriptDetailViewController.swift */; };
		2CF749BF1CFD8552007A273B /* Constants.swift in Sources */ = {isa = PBXBuildFile; fileRef = 2CF749BE1CFD8552007A273B /* Constants.swift */; };
		2CF749C51CFD8BA6007A273B /* NewScriptViewController.swift in Sources */ = {isa = PBXBuildFile; fileRef = 2CF749C41CFD8BA6007A273B /* NewScriptViewController.swift */; };
		2CF749C71CFD8D1E007A273B /* UIColor+RGB.swift in Sources */ = {isa = PBXBuildFile; fileRef = 2CF749C61CFD8D1E007A273B /* UIColor+RGB.swift */; };
		2CF749CA1CFDA16F007A273B /* ScriptCell.swift in Sources */ = {isa = PBXBuildFile; fileRef = 2CF749C91CFDA16F007A273B /* ScriptCell.swift */; };
		2CF749CD1D0536CB007A273B /* Formatter.swift in Sources */ = {isa = PBXBuildFile; fileRef = 2CF749CC1D0536CB007A273B /* Formatter.swift */; };
		2CF749D11D053A41007A273B /* ScriptModel.swift in Sources */ = {isa = PBXBuildFile; fileRef = 2CF749D01D053A41007A273B /* ScriptModel.swift */; };
		2CF749D31D0562BE007A273B /* ThemeManager.swift in Sources */ = {isa = PBXBuildFile; fileRef = 2CF749D21D0562BE007A273B /* ThemeManager.swift */; };
		2CF749D81D0577C4007A273B /* MoreViewController.swift in Sources */ = {isa = PBXBuildFile; fileRef = 2CF749D71D0577C4007A273B /* MoreViewController.swift */; };
		9509B7811D25777A0074010B /* CatalogViewController.swift in Sources */ = {isa = PBXBuildFile; fileRef = 9509B7801D25777A0074010B /* CatalogViewController.swift */; };
		950FC3611D1988660091DBA4 /* Base64.swift in Sources */ = {isa = PBXBuildFile; fileRef = 950FC3601D1988660091DBA4 /* Base64.swift */; };
		9526C66D1D4A055900EFD1DD /* BasisFuncListViewController.swift in Sources */ = {isa = PBXBuildFile; fileRef = 9526C66C1D4A055900EFD1DD /* BasisFuncListViewController.swift */; };
		9526C66F1D4A08A400EFD1DD /* KeyFuncListViewController.swift in Sources */ = {isa = PBXBuildFile; fileRef = 9526C66E1D4A08A400EFD1DD /* KeyFuncListViewController.swift */; };
		953949D61D28FC8D00BE75AA /* Service.swift in Sources */ = {isa = PBXBuildFile; fileRef = 953949D51D28FC8D00BE75AA /* Service.swift */; };
		953C5D331D30E4E800477C35 /* UIAlertView+Block.swift in Sources */ = {isa = PBXBuildFile; fileRef = 953C5D321D30E4E800477C35 /* UIAlertView+Block.swift */; };
		953C5D371D30EB0400477C35 /* UIResponder+Alert.swift in Sources */ = {isa = PBXBuildFile; fileRef = 953C5D361D30EB0400477C35 /* UIResponder+Alert.swift */; };
		953C5D391D30EB3C00477C35 /* UIActionSheet+Block.swift in Sources */ = {isa = PBXBuildFile; fileRef = 953C5D381D30EB3C00477C35 /* UIActionSheet+Block.swift */; };
		953C5D3F1D30F99F00477C35 /* CustomButtonCell.swift in Sources */ = {isa = PBXBuildFile; fileRef = 953C5D3E1D30F99F00477C35 /* CustomButtonCell.swift */; };
		955A45FF1D45DC55005C7372 /* ExtensionFuncListViewController.swift in Sources */ = {isa = PBXBuildFile; fileRef = 955A45FE1D45DC55005C7372 /* ExtensionFuncListViewController.swift */; };
		955A46011D45DF92005C7372 /* CustomOneLabelCell.swift in Sources */ = {isa = PBXBuildFile; fileRef = 955A46001D45DF92005C7372 /* CustomOneLabelCell.swift */; };
		955A46051D45F2AC005C7372 /* PosColorListModel.swift in Sources */ = {isa = PBXBuildFile; fileRef = 955A46041D45F2AC005C7372 /* PosColorListModel.swift */; };
		955DB23D1D1E370200B598C4 /* MixC.swift in Sources */ = {isa = PBXBuildFile; fileRef = 955DB23C1D1E370200B598C4 /* MixC.swift */; };
		955DB23F1D1E3A4E00B598C4 /* FileManager.swift in Sources */ = {isa = PBXBuildFile; fileRef = 955DB23E1D1E3A4E00B598C4 /* FileManager.swift */; };
		957EDDC61D320809000E1749 /* Version.swift in Sources */ = {isa = PBXBuildFile; fileRef = 957EDDC51D320809000E1749 /* Version.swift */; };
		9592B4F21D470DBF000B479B /* FuncCompletionHandler.swift in Sources */ = {isa = PBXBuildFile; fileRef = 9592B4F11D470DBF000B479B /* FuncCompletionHandler.swift */; };
		9592B4F41D4718C9000B479B /* PhotoBrowsingViewController.swift in Sources */ = {isa = PBXBuildFile; fileRef = 9592B4F31D4718C9000B479B /* PhotoBrowsingViewController.swift */; };
		9592B4F61D473E12000B479B /* PhotoBrowsingCell.swift in Sources */ = {isa = PBXBuildFile; fileRef = 9592B4F51D473E12000B479B /* PhotoBrowsingCell.swift */; };
		95AB90CD1D21717200FA4C52 /* Button.swift in Sources */ = {isa = PBXBuildFile; fileRef = 95AB90CC1D21717200FA4C52 /* Button.swift */; };
		95D1BA681D44B59A00DAE7F9 /* customformats.js in Resources */ = {isa = PBXBuildFile; fileRef = 95D1BA671D44B59A00DAE7F9 /* customformats.js */; };
		95D1BA6A1D44B5AE00DAE7F9 /* JavaScriptCore.framework in Frameworks */ = {isa = PBXBuildFile; fileRef = 95D1BA691D44B5AE00DAE7F9 /* JavaScriptCore.framework */; };
		95D1BA6C1D44B6B700DAE7F9 /* JsManager.swift in Sources */ = {isa = PBXBuildFile; fileRef = 95D1BA6B1D44B6B700DAE7F9 /* JsManager.swift */; };
		95D555F41D30050200499947 /* XXTTextView.swift in Sources */ = {isa = PBXBuildFile; fileRef = 95D555F31D30050200499947 /* XXTTextView.swift */; };
		95F94B821D1832C300532016 /* StartUpCell.swift in Sources */ = {isa = PBXBuildFile; fileRef = 95F94B811D1832C300532016 /* StartUpCell.swift */; };
		A5301A4B68230B93462B1215 /* libPods-XXTouchApp.a in Frameworks */ = {isa = PBXBuildFile; fileRef = ACF28B837117B6CAD47A3345 /* libPods-XXTouchApp.a */; };
/* End PBXBuildFile section */

/* Begin PBXContainerItemProxy section */
		2C67AB4B1CFD218E008D53E8 /* PBXContainerItemProxy */ = {
			isa = PBXContainerItemProxy;
			containerPortal = 2C67AB2E1CFD218E008D53E8 /* Project object */;
			proxyType = 1;
			remoteGlobalIDString = 2C67AB351CFD218E008D53E8;
			remoteInfo = OneFuncApp;
		};
/* End PBXContainerItemProxy section */

/* Begin PBXFileReference section */
		2C06B4C61D339F0E000A780C /* UIViewController+Extension.swift */ = {isa = PBXFileReference; fileEncoding = 4; lastKnownFileType = sourcecode.swift; path = "UIViewController+Extension.swift"; sourceTree = "<group>"; };
		2C06B4CA1D35CF07000A780C /* ScriptInfoViewController.swift */ = {isa = PBXFileReference; fileEncoding = 4; lastKnownFileType = sourcecode.swift; path = ScriptInfoViewController.swift; sourceTree = "<group>"; };
		2C06B4CD1D35D4D2000A780C /* CustomLabelCell.swift */ = {isa = PBXFileReference; fileEncoding = 4; lastKnownFileType = sourcecode.swift; path = CustomLabelCell.swift; sourceTree = "<group>"; };
		2C06B4CF1D35F167000A780C /* KeyBoardSettingInfoViewController.swift */ = {isa = PBXFileReference; fileEncoding = 4; lastKnownFileType = sourcecode.swift; path = KeyBoardSettingInfoViewController.swift; sourceTree = "<group>"; };
		2C06B4D11D360DF8000A780C /* UserSettingInfoViewController.swift */ = {isa = PBXFileReference; fileEncoding = 4; lastKnownFileType = sourcecode.swift; path = UserSettingInfoViewController.swift; sourceTree = "<group>"; };
		2C06B4D31D3614DA000A780C /* DevelopDocumentInfoViewController.swift */ = {isa = PBXFileReference; fileEncoding = 4; lastKnownFileType = sourcecode.swift; path = DevelopDocumentInfoViewController.swift; sourceTree = "<group>"; };
		2C06B4D51D3618FF000A780C /* NewNameViewController.swift */ = {isa = PBXFileReference; fileEncoding = 4; lastKnownFileType = sourcecode.swift; path = NewNameViewController.swift; sourceTree = "<group>"; };
		2C06B4D71D36264B000A780C /* RenameViewController.swift */ = {isa = PBXFileReference; fileEncoding = 4; lastKnownFileType = sourcecode.swift; path = RenameViewController.swift; sourceTree = "<group>"; };
		2C20D81B1D0FC74A009A4990 /* UIViewController+Transition.swift */ = {isa = PBXFileReference; fileEncoding = 4; lastKnownFileType = sourcecode.swift; path = "UIViewController+Transition.swift"; sourceTree = "<group>"; };
		2C2A051E1D3DE3A900F31EAE /* RecordSettingInfoViewController.swift */ = {isa = PBXFileReference; fileEncoding = 4; lastKnownFileType = sourcecode.swift; path = RecordSettingInfoViewController.swift; sourceTree = "<group>"; };
		2C2E7D361D2C974E00117025 /* CaseString.swift */ = {isa = PBXFileReference; fileEncoding = 4; lastKnownFileType = sourcecode.swift; path = CaseString.swift; sourceTree = "<group>"; };
		2C4FFA3B1D2600B100DBEEDB /* PhotoViewController.swift */ = {isa = PBXFileReference; fileEncoding = 4; lastKnownFileType = sourcecode.swift; name = PhotoViewController.swift; path = Photo/PhotoViewController.swift; sourceTree = "<group>"; };
		2C4FFA421D2A173F00DBEEDB /* main.swift */ = {isa = PBXFileReference; fileEncoding = 4; lastKnownFileType = sourcecode.swift; path = main.swift; sourceTree = "<group>"; };
		2C4FFA4A1D2B708500DBEEDB /* Defaults.plist */ = {isa = PBXFileReference; fileEncoding = 4; lastKnownFileType = text.plist.xml; path = Defaults.plist; sourceTree = "<group>"; };
		2C4FFA4D1D2B71AD00DBEEDB /* LocalStorage.swift */ = {isa = PBXFileReference; fileEncoding = 4; lastKnownFileType = sourcecode.swift; path = LocalStorage.swift; sourceTree = "<group>"; };
		2C4FFA4F1D2B73E100DBEEDB /* Defaults.swift */ = {isa = PBXFileReference; fileEncoding = 4; lastKnownFileType = sourcecode.swift; path = Defaults.swift; sourceTree = "<group>"; };
		2C54F0D91D17E436005F35AD /* StartUpListCell.swift */ = {isa = PBXFileReference; fileEncoding = 4; lastKnownFileType = sourcecode.swift; path = StartUpListCell.swift; sourceTree = "<group>"; };
		2C54F0DC1D17ED5D005F35AD /* UserSettingViewController.swift */ = {isa = PBXFileReference; fileEncoding = 4; lastKnownFileType = sourcecode.swift; path = UserSettingViewController.swift; sourceTree = "<group>"; };
		2C54F0E11D17F492005F35AD /* Switches.swift */ = {isa = PBXFileReference; fileEncoding = 4; lastKnownFileType = sourcecode.swift; path = Switches.swift; sourceTree = "<group>"; };
		2C54F0E71D18EA99005F35AD /* ApplicationListViewController.swift */ = {isa = PBXFileReference; fileEncoding = 4; lastKnownFileType = sourcecode.swift; path = ApplicationListViewController.swift; sourceTree = "<group>"; };
		2C54F0EA1D1907BC005F35AD /* AuthorizationViewController.swift */ = {isa = PBXFileReference; fileEncoding = 4; lastKnownFileType = sourcecode.swift; path = AuthorizationViewController.swift; sourceTree = "<group>"; };
		2C54F0ED1D190BE4005F35AD /* AuthorizationCell.swift */ = {isa = PBXFileReference; fileEncoding = 4; lastKnownFileType = sourcecode.swift; path = AuthorizationCell.swift; sourceTree = "<group>"; };
		2C54F0EF1D1916E5005F35AD /* AuthorizationBindCell.swift */ = {isa = PBXFileReference; fileEncoding = 4; lastKnownFileType = sourcecode.swift; path = AuthorizationBindCell.swift; sourceTree = "<group>"; };
		2C54F0F31D1926CA005F35AD /* ApplicationListModel.swift */ = {isa = PBXFileReference; fileEncoding = 4; lastKnownFileType = sourcecode.swift; path = ApplicationListModel.swift; sourceTree = "<group>"; };
		2C54F0F61D192805005F35AD /* ApplicationListCell.swift */ = {isa = PBXFileReference; fileEncoding = 4; lastKnownFileType = sourcecode.swift; path = ApplicationListCell.swift; sourceTree = "<group>"; };
		2C54F0F81D193559005F35AD /* ApplicationDetailViewController.swift */ = {isa = PBXFileReference; fileEncoding = 4; lastKnownFileType = sourcecode.swift; path = ApplicationDetailViewController.swift; sourceTree = "<group>"; };
		2C67AB361CFD218E008D53E8 /* XXTouchApp.app */ = {isa = PBXFileReference; explicitFileType = wrapper.application; includeInIndex = 0; path = XXTouchApp.app; sourceTree = BUILT_PRODUCTS_DIR; };
		2C67AB401CFD218E008D53E8 /* Assets.xcassets */ = {isa = PBXFileReference; lastKnownFileType = folder.assetcatalog; path = Assets.xcassets; sourceTree = "<group>"; };
		2C67AB451CFD218E008D53E8 /* Info.plist */ = {isa = PBXFileReference; lastKnownFileType = text.plist.xml; path = Info.plist; sourceTree = "<group>"; };
		2C67AB4A1CFD218E008D53E8 /* XXTouchApp.xctest */ = {isa = PBXFileReference; explicitFileType = wrapper.cfbundle; includeInIndex = 0; path = XXTouchApp.xctest; sourceTree = BUILT_PRODUCTS_DIR; };
		2C67AB4E1CFD218E008D53E8 /* XXTouchAppTests.swift */ = {isa = PBXFileReference; lastKnownFileType = sourcecode.swift; path = XXTouchAppTests.swift; sourceTree = "<group>"; };
		2C67AB501CFD218E008D53E8 /* Info.plist */ = {isa = PBXFileReference; lastKnownFileType = text.plist.xml; path = Info.plist; sourceTree = "<group>"; };
		2C67AB7B1CFD2AAA008D53E8 /* AppDelegate.swift */ = {isa = PBXFileReference; fileEncoding = 4; lastKnownFileType = sourcecode.swift; path = AppDelegate.swift; sourceTree = "<group>"; };
		2C67AB7C1CFD2AAA008D53E8 /* Bridging-Header.h */ = {isa = PBXFileReference; fileEncoding = 4; lastKnownFileType = sourcecode.c.h; path = "Bridging-Header.h"; sourceTree = "<group>"; };
		2C67AB7F1CFD2AAA008D53E8 /* ScriptViewController.swift */ = {isa = PBXFileReference; fileEncoding = 4; lastKnownFileType = sourcecode.swift; path = ScriptViewController.swift; sourceTree = "<group>"; };
		2C73408A1D10FC6100CED0F3 /* SwiftyJSON.swift */ = {isa = PBXFileReference; fileEncoding = 4; lastKnownFileType = sourcecode.swift; path = SwiftyJSON.swift; sourceTree = "<group>"; };
		2C7342CE1D1140AE00CED0F3 /* Constraint.swift */ = {isa = PBXFileReference; fileEncoding = 4; lastKnownFileType = sourcecode.swift; path = Constraint.swift; sourceTree = "<group>"; };
		2C7342CF1D1140AE00CED0F3 /* ConstraintAttributes.swift */ = {isa = PBXFileReference; fileEncoding = 4; lastKnownFileType = sourcecode.swift; path = ConstraintAttributes.swift; sourceTree = "<group>"; };
		2C7342D01D1140AE00CED0F3 /* ConstraintDescription.swift */ = {isa = PBXFileReference; fileEncoding = 4; lastKnownFileType = sourcecode.swift; path = ConstraintDescription.swift; sourceTree = "<group>"; };
		2C7342D11D1140AE00CED0F3 /* ConstraintItem.swift */ = {isa = PBXFileReference; fileEncoding = 4; lastKnownFileType = sourcecode.swift; path = ConstraintItem.swift; sourceTree = "<group>"; };
		2C7342D21D1140AE00CED0F3 /* ConstraintMaker.swift */ = {isa = PBXFileReference; fileEncoding = 4; lastKnownFileType = sourcecode.swift; path = ConstraintMaker.swift; sourceTree = "<group>"; };
		2C7342D31D1140AE00CED0F3 /* ConstraintRelation.swift */ = {isa = PBXFileReference; fileEncoding = 4; lastKnownFileType = sourcecode.swift; path = ConstraintRelation.swift; sourceTree = "<group>"; };
		2C7342D41D1140AE00CED0F3 /* Debugging.swift */ = {isa = PBXFileReference; fileEncoding = 4; lastKnownFileType = sourcecode.swift; path = Debugging.swift; sourceTree = "<group>"; };
		2C7342D51D1140AE00CED0F3 /* EdgeInsets.swift */ = {isa = PBXFileReference; fileEncoding = 4; lastKnownFileType = sourcecode.swift; path = EdgeInsets.swift; sourceTree = "<group>"; };
		2C7342D61D1140AE00CED0F3 /* Info.plist */ = {isa = PBXFileReference; fileEncoding = 4; lastKnownFileType = text.plist.xml; path = Info.plist; sourceTree = "<group>"; };
		2C7342D71D1140AE00CED0F3 /* LayoutConstraint.swift */ = {isa = PBXFileReference; fileEncoding = 4; lastKnownFileType = sourcecode.swift; path = LayoutConstraint.swift; sourceTree = "<group>"; };
		2C7342D81D1140AE00CED0F3 /* SnapKit.h */ = {isa = PBXFileReference; fileEncoding = 4; lastKnownFileType = sourcecode.c.h; path = SnapKit.h; sourceTree = "<group>"; };
		2C7342D91D1140AE00CED0F3 /* SnapKit.swift */ = {isa = PBXFileReference; fileEncoding = 4; lastKnownFileType = sourcecode.swift; path = SnapKit.swift; sourceTree = "<group>"; };
		2C7342DA1D1140AE00CED0F3 /* View+SnapKit.swift */ = {isa = PBXFileReference; fileEncoding = 4; lastKnownFileType = sourcecode.swift; path = "View+SnapKit.swift"; sourceTree = "<group>"; };
		2C7342DB1D1140AE00CED0F3 /* ViewController+SnapKit.swift */ = {isa = PBXFileReference; fileEncoding = 4; lastKnownFileType = sourcecode.swift; path = "ViewController+SnapKit.swift"; sourceTree = "<group>"; };
		2C7342EC1D123E9C00CED0F3 /* RenameView.swift */ = {isa = PBXFileReference; fileEncoding = 4; lastKnownFileType = sourcecode.swift; path = RenameView.swift; sourceTree = "<group>"; };
		2C7342F21D1260D800CED0F3 /* NewNameView.swift */ = {isa = PBXFileReference; fileEncoding = 4; lastKnownFileType = sourcecode.swift; path = NewNameView.swift; sourceTree = "<group>"; };
		2CB9ED861D43416200588357 /* BaseTextField.swift */ = {isa = PBXFileReference; fileEncoding = 4; lastKnownFileType = sourcecode.swift; path = BaseTextField.swift; sourceTree = "<group>"; };
		2CC5F5871D1CFD040028467F /* MoreRemoteServiceCell.swift */ = {isa = PBXFileReference; fileEncoding = 4; lastKnownFileType = sourcecode.swift; path = MoreRemoteServiceCell.swift; sourceTree = "<group>"; };
		2CC84BFF1D178E2600D4230D /* Suffix.swift */ = {isa = PBXFileReference; fileEncoding = 4; lastKnownFileType = sourcecode.swift; path = Suffix.swift; sourceTree = "<group>"; };
		2CC84C021D17B48600D4230D /* StartUpSettingViewController.swift */ = {isa = PBXFileReference; fileEncoding = 4; lastKnownFileType = sourcecode.swift; path = StartUpSettingViewController.swift; sourceTree = "<group>"; };
		2CC84C081D17B69200D4230D /* CustomSettingCell.swift */ = {isa = PBXFileReference; fileEncoding = 4; lastKnownFileType = sourcecode.swift; path = CustomSettingCell.swift; sourceTree = "<group>"; };
		2CD2F5621D127B90001C873F /* MoreCustomCell.swift */ = {isa = PBXFileReference; fileEncoding = 4; lastKnownFileType = sourcecode.swift; path = MoreCustomCell.swift; sourceTree = "<group>"; };
		2CD2F5661D13A1C0001C873F /* Sizer.swift */ = {isa = PBXFileReference; fileEncoding = 4; lastKnownFileType = sourcecode.swift; path = Sizer.swift; sourceTree = "<group>"; };
		2CD2F5681D13A280001C873F /* UIDevice+DeviceCheck.swift */ = {isa = PBXFileReference; fileEncoding = 4; lastKnownFileType = sourcecode.swift; path = "UIDevice+DeviceCheck.swift"; sourceTree = "<group>"; };
		2CD2F56C1D13B0D6001C873F /* KeyBoardSettingViewController.swift */ = {isa = PBXFileReference; fileEncoding = 4; lastKnownFileType = sourcecode.swift; path = KeyBoardSettingViewController.swift; sourceTree = "<group>"; };
		2CD2F56F1D13C00D001C873F /* KeyBoardSettingCell.swift */ = {isa = PBXFileReference; fileEncoding = 4; lastKnownFileType = sourcecode.swift; path = KeyBoardSettingCell.swift; sourceTree = "<group>"; };
		2CD2F5721D13E7F3001C873F /* RecordSettingViewController.swift */ = {isa = PBXFileReference; fileEncoding = 4; lastKnownFileType = sourcecode.swift; path = RecordSettingViewController.swift; sourceTree = "<group>"; };
		2CD7E7AB1D2F9F7B0023D099 /* UIView+HUD.swift */ = {isa = PBXFileReference; fileEncoding = 4; lastKnownFileType = sourcecode.swift; path = "UIView+HUD.swift"; sourceTree = "<group>"; };
		2CF18BF61D1946B5007535CD /* ApplicationDetailCell.swift */ = {isa = PBXFileReference; fileEncoding = 4; lastKnownFileType = sourcecode.swift; path = ApplicationDetailCell.swift; sourceTree = "<group>"; };
		2CF18BF91D1A440B007535CD /* AboutViewController.swift */ = {isa = PBXFileReference; fileEncoding = 4; lastKnownFileType = sourcecode.swift; path = AboutViewController.swift; sourceTree = "<group>"; };
		2CF18BFE1D1A5E31007535CD /* DevelopDocumentViewController.swift */ = {isa = PBXFileReference; fileEncoding = 4; lastKnownFileType = sourcecode.swift; path = DevelopDocumentViewController.swift; sourceTree = "<group>"; };
		2CF18C011D1A728B007535CD /* AboutTitleCell.swift */ = {isa = PBXFileReference; fileEncoding = 4; lastKnownFileType = sourcecode.swift; path = AboutTitleCell.swift; sourceTree = "<group>"; };
		2CF18C031D1A741B007535CD /* DeviceInfoModel.swift */ = {isa = PBXFileReference; fileEncoding = 4; lastKnownFileType = sourcecode.swift; path = DeviceInfoModel.swift; sourceTree = "<group>"; };
		2CF18C051D1A80BC007535CD /* AboutInfoCell.swift */ = {isa = PBXFileReference; fileEncoding = 4; lastKnownFileType = sourcecode.swift; path = AboutInfoCell.swift; sourceTree = "<group>"; };
		2CF749BA1CFD80A0007A273B /* ScriptDetailViewController.swift */ = {isa = PBXFileReference; fileEncoding = 4; lastKnownFileType = sourcecode.swift; path = ScriptDetailViewController.swift; sourceTree = "<group>"; };
		2CF749BE1CFD8552007A273B /* Constants.swift */ = {isa = PBXFileReference; fileEncoding = 4; lastKnownFileType = sourcecode.swift; path = Constants.swift; sourceTree = "<group>"; };
		2CF749C41CFD8BA6007A273B /* NewScriptViewController.swift */ = {isa = PBXFileReference; fileEncoding = 4; lastKnownFileType = sourcecode.swift; path = NewScriptViewController.swift; sourceTree = "<group>"; };
		2CF749C61CFD8D1E007A273B /* UIColor+RGB.swift */ = {isa = PBXFileReference; fileEncoding = 4; lastKnownFileType = sourcecode.swift; path = "UIColor+RGB.swift"; sourceTree = "<group>"; };
		2CF749C91CFDA16F007A273B /* ScriptCell.swift */ = {isa = PBXFileReference; fileEncoding = 4; lastKnownFileType = sourcecode.swift; path = ScriptCell.swift; sourceTree = "<group>"; };
		2CF749CC1D0536CB007A273B /* Formatter.swift */ = {isa = PBXFileReference; fileEncoding = 4; lastKnownFileType = sourcecode.swift; path = Formatter.swift; sourceTree = "<group>"; };
		2CF749D01D053A41007A273B /* ScriptModel.swift */ = {isa = PBXFileReference; fileEncoding = 4; lastKnownFileType = sourcecode.swift; path = ScriptModel.swift; sourceTree = "<group>"; };
		2CF749D21D0562BE007A273B /* ThemeManager.swift */ = {isa = PBXFileReference; fileEncoding = 4; lastKnownFileType = sourcecode.swift; path = ThemeManager.swift; sourceTree = "<group>"; };
		2CF749D71D0577C4007A273B /* MoreViewController.swift */ = {isa = PBXFileReference; fileEncoding = 4; lastKnownFileType = sourcecode.swift; path = MoreViewController.swift; sourceTree = "<group>"; };
		2E2324044BE56C4D4853289B /* Pods-XXTouchApp.release.xcconfig */ = {isa = PBXFileReference; includeInIndex = 1; lastKnownFileType = text.xcconfig; name = "Pods-XXTouchApp.release.xcconfig"; path = "Pods/Target Support Files/Pods-XXTouchApp/Pods-XXTouchApp.release.xcconfig"; sourceTree = "<group>"; };
		371DCC2DEDA3C1059AE8CE25 /* Pods-XXTouchApp.release.xcconfig */ = {isa = PBXFileReference; includeInIndex = 1; lastKnownFileType = text.xcconfig; name = "Pods-XXTouchApp.release.xcconfig"; path = "Pods/Target Support Files/Pods-XXTouchApp/Pods-XXTouchApp.release.xcconfig"; sourceTree = "<group>"; };
		8A6F1DF544CDD739F1B52DAA /* Pods-XXTouchApp.debug.xcconfig */ = {isa = PBXFileReference; includeInIndex = 1; lastKnownFileType = text.xcconfig; name = "Pods-XXTouchApp.debug.xcconfig"; path = "Pods/Target Support Files/Pods-XXTouchApp/Pods-XXTouchApp.debug.xcconfig"; sourceTree = "<group>"; };
		9509B7801D25777A0074010B /* CatalogViewController.swift */ = {isa = PBXFileReference; fileEncoding = 4; lastKnownFileType = sourcecode.swift; path = CatalogViewController.swift; sourceTree = "<group>"; };
		950FC3601D1988660091DBA4 /* Base64.swift */ = {isa = PBXFileReference; fileEncoding = 4; lastKnownFileType = sourcecode.swift; path = Base64.swift; sourceTree = "<group>"; };
		9526C66C1D4A055900EFD1DD /* BasisFuncListViewController.swift */ = {isa = PBXFileReference; fileEncoding = 4; lastKnownFileType = sourcecode.swift; path = BasisFuncListViewController.swift; sourceTree = "<group>"; };
		9526C66E1D4A08A400EFD1DD /* KeyFuncListViewController.swift */ = {isa = PBXFileReference; fileEncoding = 4; lastKnownFileType = sourcecode.swift; path = KeyFuncListViewController.swift; sourceTree = "<group>"; };
		953949D51D28FC8D00BE75AA /* Service.swift */ = {isa = PBXFileReference; fileEncoding = 4; lastKnownFileType = sourcecode.swift; path = Service.swift; sourceTree = "<group>"; };
		953C5D321D30E4E800477C35 /* UIAlertView+Block.swift */ = {isa = PBXFileReference; fileEncoding = 4; lastKnownFileType = sourcecode.swift; path = "UIAlertView+Block.swift"; sourceTree = "<group>"; };
		953C5D361D30EB0400477C35 /* UIResponder+Alert.swift */ = {isa = PBXFileReference; fileEncoding = 4; lastKnownFileType = sourcecode.swift; path = "UIResponder+Alert.swift"; sourceTree = "<group>"; };
		953C5D381D30EB3C00477C35 /* UIActionSheet+Block.swift */ = {isa = PBXFileReference; fileEncoding = 4; lastKnownFileType = sourcecode.swift; path = "UIActionSheet+Block.swift"; sourceTree = "<group>"; };
		953C5D3E1D30F99F00477C35 /* CustomButtonCell.swift */ = {isa = PBXFileReference; fileEncoding = 4; lastKnownFileType = sourcecode.swift; path = CustomButtonCell.swift; sourceTree = "<group>"; };
		955A45FE1D45DC55005C7372 /* ExtensionFuncListViewController.swift */ = {isa = PBXFileReference; fileEncoding = 4; lastKnownFileType = sourcecode.swift; path = ExtensionFuncListViewController.swift; sourceTree = "<group>"; };
		955A46001D45DF92005C7372 /* CustomOneLabelCell.swift */ = {isa = PBXFileReference; fileEncoding = 4; lastKnownFileType = sourcecode.swift; path = CustomOneLabelCell.swift; sourceTree = "<group>"; };
		955A46041D45F2AC005C7372 /* PosColorListModel.swift */ = {isa = PBXFileReference; fileEncoding = 4; lastKnownFileType = sourcecode.swift; path = PosColorListModel.swift; sourceTree = "<group>"; };
		955DB23C1D1E370200B598C4 /* MixC.swift */ = {isa = PBXFileReference; fileEncoding = 4; lastKnownFileType = sourcecode.swift; path = MixC.swift; sourceTree = "<group>"; };
		955DB23E1D1E3A4E00B598C4 /* FileManager.swift */ = {isa = PBXFileReference; fileEncoding = 4; lastKnownFileType = sourcecode.swift; path = FileManager.swift; sourceTree = "<group>"; };
		957EDDC51D320809000E1749 /* Version.swift */ = {isa = PBXFileReference; fileEncoding = 4; lastKnownFileType = sourcecode.swift; path = Version.swift; sourceTree = "<group>"; };
		9592B4F11D470DBF000B479B /* FuncCompletionHandler.swift */ = {isa = PBXFileReference; fileEncoding = 4; lastKnownFileType = sourcecode.swift; path = FuncCompletionHandler.swift; sourceTree = "<group>"; };
		9592B4F31D4718C9000B479B /* PhotoBrowsingViewController.swift */ = {isa = PBXFileReference; fileEncoding = 4; lastKnownFileType = sourcecode.swift; path = PhotoBrowsingViewController.swift; sourceTree = "<group>"; };
		9592B4F51D473E12000B479B /* PhotoBrowsingCell.swift */ = {isa = PBXFileReference; fileEncoding = 4; lastKnownFileType = sourcecode.swift; path = PhotoBrowsingCell.swift; sourceTree = "<group>"; };
		95AB90CC1D21717200FA4C52 /* Button.swift */ = {isa = PBXFileReference; fileEncoding = 4; lastKnownFileType = sourcecode.swift; path = Button.swift; sourceTree = "<group>"; };
		95D1BA671D44B59A00DAE7F9 /* customformats.js */ = {isa = PBXFileReference; fileEncoding = 4; lastKnownFileType = sourcecode.javascript; path = customformats.js; sourceTree = "<group>"; };
		95D1BA691D44B5AE00DAE7F9 /* JavaScriptCore.framework */ = {isa = PBXFileReference; lastKnownFileType = wrapper.framework; name = JavaScriptCore.framework; path = System/Library/Frameworks/JavaScriptCore.framework; sourceTree = SDKROOT; };
		95D1BA6B1D44B6B700DAE7F9 /* JsManager.swift */ = {isa = PBXFileReference; fileEncoding = 4; lastKnownFileType = sourcecode.swift; path = JsManager.swift; sourceTree = "<group>"; };
		95D555F31D30050200499947 /* XXTTextView.swift */ = {isa = PBXFileReference; fileEncoding = 4; lastKnownFileType = sourcecode.swift; path = XXTTextView.swift; sourceTree = "<group>"; };
		95F94B811D1832C300532016 /* StartUpCell.swift */ = {isa = PBXFileReference; fileEncoding = 4; lastKnownFileType = sourcecode.swift; path = StartUpCell.swift; sourceTree = "<group>"; };
		ACF28B837117B6CAD47A3345 /* libPods-XXTouchApp.a */ = {isa = PBXFileReference; explicitFileType = archive.ar; includeInIndex = 0; path = "libPods-XXTouchApp.a"; sourceTree = BUILT_PRODUCTS_DIR; };
		FAF7FD6C2555EECC81802827 /* Pods-XXTouchApp.debug.xcconfig */ = {isa = PBXFileReference; includeInIndex = 1; lastKnownFileType = text.xcconfig; name = "Pods-XXTouchApp.debug.xcconfig"; path = "Pods/Target Support Files/Pods-XXTouchApp/Pods-XXTouchApp.debug.xcconfig"; sourceTree = "<group>"; };
/* End PBXFileReference section */

/* Begin PBXFrameworksBuildPhase section */
		2C67AB331CFD218E008D53E8 /* Frameworks */ = {
			isa = PBXFrameworksBuildPhase;
			buildActionMask = 2147483647;
			files = (
				95D1BA6A1D44B5AE00DAE7F9 /* JavaScriptCore.framework in Frameworks */,
				A5301A4B68230B93462B1215 /* libPods-XXTouchApp.a in Frameworks */,
			);
			runOnlyForDeploymentPostprocessing = 0;
		};
		2C67AB471CFD218E008D53E8 /* Frameworks */ = {
			isa = PBXFrameworksBuildPhase;
			buildActionMask = 2147483647;
			files = (
			);
			runOnlyForDeploymentPostprocessing = 0;
		};
/* End PBXFrameworksBuildPhase section */

/* Begin PBXGroup section */
		2C20D81D1D0FCB81009A4990 /* Managers */ = {
			isa = PBXGroup;
			children = (
				955DB23E1D1E3A4E00B598C4 /* FileManager.swift */,
				2CF749D21D0562BE007A273B /* ThemeManager.swift */,
				95D1BA6B1D44B6B700DAE7F9 /* JsManager.swift */,
			);
			path = Managers;
			sourceTree = "<group>";
		};
		2C4FFA4C1D2B719B00DBEEDB /* Storage */ = {
			isa = PBXGroup;
			children = (
				2C4FFA4D1D2B71AD00DBEEDB /* LocalStorage.swift */,
			);
			path = Storage;
			sourceTree = "<group>";
		};
		2C54F0D61D17DF97005F35AD /* StartUpSetting */ = {
			isa = PBXGroup;
			children = (
				95F94B811D1832C300532016 /* StartUpCell.swift */,
				2C54F0D91D17E436005F35AD /* StartUpListCell.swift */,
			);
			path = StartUpSetting;
			sourceTree = "<group>";
		};
		2C54F0DB1D17ED47005F35AD /* UserSetting */ = {
			isa = PBXGroup;
			children = (
				2C06B4D11D360DF8000A780C /* UserSettingInfoViewController.swift */,
				2C54F0DC1D17ED5D005F35AD /* UserSettingViewController.swift */,
			);
			path = UserSetting;
			sourceTree = "<group>";
		};
		2C54F0E01D17F483005F35AD /* General */ = {
			isa = PBXGroup;
			children = (
				95AB90CC1D21717200FA4C52 /* Button.swift */,
				2C54F0E11D17F492005F35AD /* Switches.swift */,
				95D555F31D30050200499947 /* XXTTextView.swift */,
				2CB9ED861D43416200588357 /* BaseTextField.swift */,
			);
			path = General;
			sourceTree = "<group>";
		};
		2C54F0E61D18EA76005F35AD /* ApplicationList */ = {
			isa = PBXGroup;
			children = (
				2C54F0F81D193559005F35AD /* ApplicationDetailViewController.swift */,
				2C54F0E71D18EA99005F35AD /* ApplicationListViewController.swift */,
			);
			path = ApplicationList;
			sourceTree = "<group>";
		};
		2C54F0E91D1907B2005F35AD /* Authorization */ = {
			isa = PBXGroup;
			children = (
				2C54F0EA1D1907BC005F35AD /* AuthorizationViewController.swift */,
			);
			path = Authorization;
			sourceTree = "<group>";
		};
		2C54F0EC1D190BD1005F35AD /* Authorization */ = {
			isa = PBXGroup;
			children = (
				2C54F0EF1D1916E5005F35AD /* AuthorizationBindCell.swift */,
				2C54F0ED1D190BE4005F35AD /* AuthorizationCell.swift */,
			);
			path = Authorization;
			sourceTree = "<group>";
		};
		2C54F0F11D19269D005F35AD /* More */ = {
			isa = PBXGroup;
			children = (
				2C54F0F31D1926CA005F35AD /* ApplicationListModel.swift */,
				2CF18C031D1A741B007535CD /* DeviceInfoModel.swift */,
				955A46041D45F2AC005C7372 /* PosColorListModel.swift */,
			);
			path = More;
			sourceTree = "<group>";
		};
		2C54F0F51D1927F8005F35AD /* ApplicationList */ = {
			isa = PBXGroup;
			children = (
				2CF18BF61D1946B5007535CD /* ApplicationDetailCell.swift */,
				2C54F0F61D192805005F35AD /* ApplicationListCell.swift */,
			);
			path = ApplicationList;
			sourceTree = "<group>";
		};
		2C67AB2D1CFD218E008D53E8 = {
			isa = PBXGroup;
			children = (
				B96DB0EBF161BCE984E4E716 /* Frameworks */,
				512DFAB1073B44ADD59CEF40 /* Pods */,
				2C67AB371CFD218E008D53E8 /* Products */,
				2C67AB381CFD218E008D53E8 /* XXTouchApp */,
				2C67AB4D1CFD218E008D53E8 /* XXTouchAppTests */,
			);
			sourceTree = "<group>";
		};
		2C67AB371CFD218E008D53E8 /* Products */ = {
			isa = PBXGroup;
			children = (
				2C67AB361CFD218E008D53E8 /* XXTouchApp.app */,
				2C67AB4A1CFD218E008D53E8 /* XXTouchApp.xctest */,
			);
			name = Products;
			sourceTree = "<group>";
		};
		2C67AB381CFD218E008D53E8 /* XXTouchApp */ = {
			isa = PBXGroup;
			children = (
				95D1BA661D44B59A00DAE7F9 /* Js */,
				2C67AB7A1CFD2AAA008D53E8 /* Classes */,
				2C67AB681CFD22D4008D53E8 /* Resources */,
				2C67AB691CFD22F9008D53E8 /* Supporting Files */,
			);
			path = XXTouchApp;
			sourceTree = "<group>";
		};
		2C67AB4D1CFD218E008D53E8 /* XXTouchAppTests */ = {
			isa = PBXGroup;
			children = (
				2C67AB501CFD218E008D53E8 /* Info.plist */,
				2C67AB4E1CFD218E008D53E8 /* XXTouchAppTests.swift */,
			);
			path = XXTouchAppTests;
			sourceTree = "<group>";
		};
		2C67AB681CFD22D4008D53E8 /* Resources */ = {
			isa = PBXGroup;
			children = (
				2C67AB401CFD218E008D53E8 /* Assets.xcassets */,
				2C4FFA4A1D2B708500DBEEDB /* Defaults.plist */,
			);
			path = Resources;
			sourceTree = "<group>";
		};
		2C67AB691CFD22F9008D53E8 /* Supporting Files */ = {
			isa = PBXGroup;
			children = (
				2C67AB451CFD218E008D53E8 /* Info.plist */,
			);
			path = "Supporting Files";
			sourceTree = "<group>";
		};
		2C67AB7A1CFD2AAA008D53E8 /* Classes */ = {
			isa = PBXGroup;
			children = (
				2C20D81D1D0FCB81009A4990 /* Managers */,
				955DB23B1D1E36C000B598C4 /* Mix */,
				2CF749CE1D053A09007A273B /* Model */,
				2C7342E91D11448B00CED0F3 /* Networking */,
				2C4FFA4C1D2B719B00DBEEDB /* Storage */,
				2C7340881D10FB4300CED0F3 /* ThirdParty */,
				2C67AB7D1CFD2AAA008D53E8 /* ViewControllers */,
				2C67AB801CFD2AAA008D53E8 /* Views */,
				2C67AB7B1CFD2AAA008D53E8 /* AppDelegate.swift */,
				2C67AB7C1CFD2AAA008D53E8 /* Bridging-Header.h */,
				2C4FFA421D2A173F00DBEEDB /* main.swift */,
			);
			path = Classes;
			sourceTree = "<group>";
		};
		2C67AB7D1CFD2AAA008D53E8 /* ViewControllers */ = {
			isa = PBXGroup;
			children = (
				9509B77F1D2577250074010B /* Catalog */,
				2C67AB831CFD2BDC008D53E8 /* Extensions */,
				2C54F0E01D17F483005F35AD /* General */,
				2CF749CB1D0536BD007A273B /* Helps */,
				2CF749D61D0577A7007A273B /* More */,
				2C67AB7E1CFD2AAA008D53E8 /* Script */,
			);
			path = ViewControllers;
			sourceTree = "<group>";
		};
		2C67AB7E1CFD2AAA008D53E8 /* Script */ = {
			isa = PBXGroup;
			children = (
				2C4FFA3B1D2600B100DBEEDB /* PhotoViewController.swift */,
				2C06B4D51D3618FF000A780C /* NewNameViewController.swift */,
				2CF749C41CFD8BA6007A273B /* NewScriptViewController.swift */,
				2C06B4D71D36264B000A780C /* RenameViewController.swift */,
				2CF749BA1CFD80A0007A273B /* ScriptDetailViewController.swift */,
				2C06B4CA1D35CF07000A780C /* ScriptInfoViewController.swift */,
				2C67AB7F1CFD2AAA008D53E8 /* ScriptViewController.swift */,
				955A45FE1D45DC55005C7372 /* ExtensionFuncListViewController.swift */,
				9526C66E1D4A08A400EFD1DD /* KeyFuncListViewController.swift */,
				9526C66C1D4A055900EFD1DD /* BasisFuncListViewController.swift */,
				9592B4F11D470DBF000B479B /* FuncCompletionHandler.swift */,
				9592B4F31D4718C9000B479B /* PhotoBrowsingViewController.swift */,
			);
			path = Script;
			sourceTree = "<group>";
		};
		2C67AB801CFD2AAA008D53E8 /* Views */ = {
			isa = PBXGroup;
			children = (
				2CD2F55F1D127A2E001C873F /* More */,
				2CF749C81CFD9069007A273B /* Script */,
			);
			path = Views;
			sourceTree = "<group>";
		};
		2C67AB831CFD2BDC008D53E8 /* Extensions */ = {
			isa = PBXGroup;
			children = (
				953C5D381D30EB3C00477C35 /* UIActionSheet+Block.swift */,
				953C5D321D30E4E800477C35 /* UIAlertView+Block.swift */,
				2CF749C61CFD8D1E007A273B /* UIColor+RGB.swift */,
				2CD2F5681D13A280001C873F /* UIDevice+DeviceCheck.swift */,
				953C5D361D30EB0400477C35 /* UIResponder+Alert.swift */,
				2CD7E7AB1D2F9F7B0023D099 /* UIView+HUD.swift */,
				2C06B4C61D339F0E000A780C /* UIViewController+Extension.swift */,
				2C20D81B1D0FC74A009A4990 /* UIViewController+Transition.swift */,
			);
			path = Extensions;
			sourceTree = "<group>";
		};
		2C7340881D10FB4300CED0F3 /* ThirdParty */ = {
			isa = PBXGroup;
			children = (
				2C7342CD1D1140AE00CED0F3 /* SnapKit */,
				2C7340891D10FC6100CED0F3 /* SwiftyJSON */,
			);
			path = ThirdParty;
			sourceTree = "<group>";
		};
		2C7340891D10FC6100CED0F3 /* SwiftyJSON */ = {
			isa = PBXGroup;
			children = (
				2C73408A1D10FC6100CED0F3 /* SwiftyJSON.swift */,
			);
			path = SwiftyJSON;
			sourceTree = "<group>";
		};
		2C7342CD1D1140AE00CED0F3 /* SnapKit */ = {
			isa = PBXGroup;
			children = (
				2C7342CE1D1140AE00CED0F3 /* Constraint.swift */,
				2C7342CF1D1140AE00CED0F3 /* ConstraintAttributes.swift */,
				2C7342D01D1140AE00CED0F3 /* ConstraintDescription.swift */,
				2C7342D11D1140AE00CED0F3 /* ConstraintItem.swift */,
				2C7342D21D1140AE00CED0F3 /* ConstraintMaker.swift */,
				2C7342D31D1140AE00CED0F3 /* ConstraintRelation.swift */,
				2C7342D41D1140AE00CED0F3 /* Debugging.swift */,
				2C7342D51D1140AE00CED0F3 /* EdgeInsets.swift */,
				2C7342D61D1140AE00CED0F3 /* Info.plist */,
				2C7342D71D1140AE00CED0F3 /* LayoutConstraint.swift */,
				2C7342D81D1140AE00CED0F3 /* SnapKit.h */,
				2C7342D91D1140AE00CED0F3 /* SnapKit.swift */,
				2C7342DA1D1140AE00CED0F3 /* View+SnapKit.swift */,
				2C7342DB1D1140AE00CED0F3 /* ViewController+SnapKit.swift */,
			);
			path = SnapKit;
			sourceTree = "<group>";
		};
		2C7342E91D11448B00CED0F3 /* Networking */ = {
			isa = PBXGroup;
			children = (
				953949D51D28FC8D00BE75AA /* Service.swift */,
			);
			path = Networking;
			sourceTree = "<group>";
		};
		2CC84C011D17B45500D4230D /* StartUpSetting */ = {
			isa = PBXGroup;
			children = (
				2CC84C021D17B48600D4230D /* StartUpSettingViewController.swift */,
			);
			path = StartUpSetting;
			sourceTree = "<group>";
		};
		2CC84C071D17B65F00D4230D /* General */ = {
			isa = PBXGroup;
			children = (
				953C5D3E1D30F99F00477C35 /* CustomButtonCell.swift */,
				2C06B4CD1D35D4D2000A780C /* CustomLabelCell.swift */,
				2CC84C081D17B69200D4230D /* CustomSettingCell.swift */,
				955A46001D45DF92005C7372 /* CustomOneLabelCell.swift */,
			);
			path = General;
			sourceTree = "<group>";
		};
		2CD2F55F1D127A2E001C873F /* More */ = {
			isa = PBXGroup;
			children = (
				2CF18C001D1A725E007535CD /* About */,
				2C54F0F51D1927F8005F35AD /* ApplicationList */,
				2C54F0EC1D190BD1005F35AD /* Authorization */,
				2CC84C071D17B65F00D4230D /* General */,
				2CD2F56E1D13BFF2001C873F /* KeyBoardSetting */,
				2C54F0D61D17DF97005F35AD /* StartUpSetting */,
				2CD2F5621D127B90001C873F /* MoreCustomCell.swift */,
				2CC5F5871D1CFD040028467F /* MoreRemoteServiceCell.swift */,
			);
			path = More;
			sourceTree = "<group>";
		};
		2CD2F56A1D13B0B1001C873F /* KeyBoardSetting */ = {
			isa = PBXGroup;
			children = (
				2C06B4CF1D35F167000A780C /* KeyBoardSettingInfoViewController.swift */,
				2CD2F56C1D13B0D6001C873F /* KeyBoardSettingViewController.swift */,
			);
			path = KeyBoardSetting;
			sourceTree = "<group>";
		};
		2CD2F56E1D13BFF2001C873F /* KeyBoardSetting */ = {
			isa = PBXGroup;
			children = (
				2CD2F56F1D13C00D001C873F /* KeyBoardSettingCell.swift */,
			);
			path = KeyBoardSetting;
			sourceTree = "<group>";
		};
		2CD2F5711D13E7CE001C873F /* RecordSetting */ = {
			isa = PBXGroup;
			children = (
				2C2A051E1D3DE3A900F31EAE /* RecordSettingInfoViewController.swift */,
				2CD2F5721D13E7F3001C873F /* RecordSettingViewController.swift */,
			);
			path = RecordSetting;
			sourceTree = "<group>";
		};
		2CF18BF81D1A43F9007535CD /* About */ = {
			isa = PBXGroup;
			children = (
				2CF18BF91D1A440B007535CD /* AboutViewController.swift */,
			);
			path = About;
			sourceTree = "<group>";
		};
		2CF18BFD1D1A5CFE007535CD /* DevelopDocument */ = {
			isa = PBXGroup;
			children = (
				2C06B4D31D3614DA000A780C /* DevelopDocumentInfoViewController.swift */,
				2CF18BFE1D1A5E31007535CD /* DevelopDocumentViewController.swift */,
			);
			path = DevelopDocument;
			sourceTree = "<group>";
		};
		2CF18C001D1A725E007535CD /* About */ = {
			isa = PBXGroup;
			children = (
				2CF18C051D1A80BC007535CD /* AboutInfoCell.swift */,
				2CF18C011D1A728B007535CD /* AboutTitleCell.swift */,
			);
			path = About;
			sourceTree = "<group>";
		};
		2CF749C81CFD9069007A273B /* Script */ = {
			isa = PBXGroup;
			children = (
				2C7342F21D1260D800CED0F3 /* NewNameView.swift */,
				2C7342EC1D123E9C00CED0F3 /* RenameView.swift */,
				2CF749C91CFDA16F007A273B /* ScriptCell.swift */,
				9592B4F51D473E12000B479B /* PhotoBrowsingCell.swift */,
			);
			path = Script;
			sourceTree = "<group>";
		};
		2CF749CB1D0536BD007A273B /* Helps */ = {
			isa = PBXGroup;
			children = (
				950FC3601D1988660091DBA4 /* Base64.swift */,
				2C2E7D361D2C974E00117025 /* CaseString.swift */,
				2CF749BE1CFD8552007A273B /* Constants.swift */,
				2C4FFA4F1D2B73E100DBEEDB /* Defaults.swift */,
				2CF749CC1D0536CB007A273B /* Formatter.swift */,
				2CD2F5661D13A1C0001C873F /* Sizer.swift */,
				2CC84BFF1D178E2600D4230D /* Suffix.swift */,
				957EDDC51D320809000E1749 /* Version.swift */,
			);
			path = Helps;
			sourceTree = "<group>";
		};
		2CF749CE1D053A09007A273B /* Model */ = {
			isa = PBXGroup;
			children = (
				2C54F0F11D19269D005F35AD /* More */,
				2CF749CF1D053A29007A273B /* Script */,
			);
			path = Model;
			sourceTree = "<group>";
		};
		2CF749CF1D053A29007A273B /* Script */ = {
			isa = PBXGroup;
			children = (
				2CF749D01D053A41007A273B /* ScriptModel.swift */,
			);
			path = Script;
			sourceTree = "<group>";
		};
		2CF749D61D0577A7007A273B /* More */ = {
			isa = PBXGroup;
			children = (
				2CF18BF81D1A43F9007535CD /* About */,
				2C54F0E61D18EA76005F35AD /* ApplicationList */,
				2C54F0E91D1907B2005F35AD /* Authorization */,
				2CF18BFD1D1A5CFE007535CD /* DevelopDocument */,
				2CD2F56A1D13B0B1001C873F /* KeyBoardSetting */,
				2CD2F5711D13E7CE001C873F /* RecordSetting */,
				2CC84C011D17B45500D4230D /* StartUpSetting */,
				2C54F0DB1D17ED47005F35AD /* UserSetting */,
				2CF749D71D0577C4007A273B /* MoreViewController.swift */,
			);
			path = More;
			sourceTree = "<group>";
		};
		512DFAB1073B44ADD59CEF40 /* Pods */ = {
			isa = PBXGroup;
			children = (
				FAF7FD6C2555EECC81802827 /* Pods-XXTouchApp.debug.xcconfig */,
				2E2324044BE56C4D4853289B /* Pods-XXTouchApp.release.xcconfig */,
			);
			name = Pods;
			sourceTree = "<group>";
		};
		9509B77F1D2577250074010B /* Catalog */ = {
			isa = PBXGroup;
			children = (
				9509B7801D25777A0074010B /* CatalogViewController.swift */,
			);
			path = Catalog;
			sourceTree = "<group>";
		};
		955DB23B1D1E36C000B598C4 /* Mix */ = {
			isa = PBXGroup;
			children = (
				955DB23C1D1E370200B598C4 /* MixC.swift */,
			);
			path = Mix;
			sourceTree = "<group>";
		};
		95D1BA661D44B59A00DAE7F9 /* Js */ = {
			isa = PBXGroup;
			children = (
				95D1BA671D44B59A00DAE7F9 /* customformats.js */,
			);
			path = Js;
			sourceTree = "<group>";
		};
		B96DB0EBF161BCE984E4E716 /* Frameworks */ = {
			isa = PBXGroup;
			children = (
				95D1BA691D44B5AE00DAE7F9 /* JavaScriptCore.framework */,
				B9B464BF9774DF388D036CFF /* Pods */,
				ACF28B837117B6CAD47A3345 /* libPods-XXTouchApp.a */,
			);
			name = Frameworks;
			sourceTree = "<group>";
		};
		B9B464BF9774DF388D036CFF /* Pods */ = {
			isa = PBXGroup;
			children = (
				8A6F1DF544CDD739F1B52DAA /* Pods-XXTouchApp.debug.xcconfig */,
				371DCC2DEDA3C1059AE8CE25 /* Pods-XXTouchApp.release.xcconfig */,
			);
			name = Pods;
			sourceTree = "<group>";
		};
/* End PBXGroup section */

/* Begin PBXNativeTarget section */
		2C67AB351CFD218E008D53E8 /* XXTouchApp */ = {
			isa = PBXNativeTarget;
			buildConfigurationList = 2C67AB5E1CFD218E008D53E8 /* Build configuration list for PBXNativeTarget "XXTouchApp" */;
			buildPhases = (
				92CBE6C185151EE96AF77608 /* [CP] Check Pods Manifest.lock */,
				2C67AB321CFD218E008D53E8 /* Sources */,
				2C67AB331CFD218E008D53E8 /* Frameworks */,
				3AD77B0E9339B0CD1262E65E /* [CP] Embed Pods Frameworks */,
				2C67AB341CFD218E008D53E8 /* Resources */,
				B0D437D117F07BAE5B85D5FB /* [CP] Copy Pods Resources */,
			);
			buildRules = (
			);
			dependencies = (
			);
			name = XXTouchApp;
			productName = OneFuncApp;
			productReference = 2C67AB361CFD218E008D53E8 /* XXTouchApp.app */;
			productType = "com.apple.product-type.application";
		};
		2C67AB491CFD218E008D53E8 /* XXTouchAppTests */ = {
			isa = PBXNativeTarget;
			buildConfigurationList = 2C67AB611CFD218E008D53E8 /* Build configuration list for PBXNativeTarget "XXTouchAppTests" */;
			buildPhases = (
				2C67AB461CFD218E008D53E8 /* Sources */,
				2C67AB471CFD218E008D53E8 /* Frameworks */,
				2C67AB481CFD218E008D53E8 /* Resources */,
			);
			buildRules = (
			);
			dependencies = (
				2C67AB4C1CFD218E008D53E8 /* PBXTargetDependency */,
			);
			name = XXTouchAppTests;
			productName = OneFuncAppTests;
			productReference = 2C67AB4A1CFD218E008D53E8 /* XXTouchApp.xctest */;
			productType = "com.apple.product-type.bundle.unit-test";
		};
/* End PBXNativeTarget section */

/* Begin PBXProject section */
		2C67AB2E1CFD218E008D53E8 /* Project object */ = {
			isa = PBXProject;
			attributes = {
				LastSwiftUpdateCheck = 0730;
				LastUpgradeCheck = 0730;
				ORGANIZATIONNAME = mcy;
				TargetAttributes = {
					2C67AB351CFD218E008D53E8 = {
						CreatedOnToolsVersion = 7.3.1;
						DevelopmentTeam = 86JSF9YUX9;
					};
					2C67AB491CFD218E008D53E8 = {
						CreatedOnToolsVersion = 7.3.1;
						TestTargetID = 2C67AB351CFD218E008D53E8;
					};
				};
			};
			buildConfigurationList = 2C67AB311CFD218E008D53E8 /* Build configuration list for PBXProject "XXTouchApp" */;
			compatibilityVersion = "Xcode 3.2";
			developmentRegion = English;
			hasScannedForEncodings = 0;
			knownRegions = (
				en,
				Base,
			);
			mainGroup = 2C67AB2D1CFD218E008D53E8;
			productRefGroup = 2C67AB371CFD218E008D53E8 /* Products */;
			projectDirPath = "";
			projectRoot = "";
			targets = (
				2C67AB351CFD218E008D53E8 /* XXTouchApp */,
				2C67AB491CFD218E008D53E8 /* XXTouchAppTests */,
			);
		};
/* End PBXProject section */

/* Begin PBXResourcesBuildPhase section */
		2C67AB341CFD218E008D53E8 /* Resources */ = {
			isa = PBXResourcesBuildPhase;
			buildActionMask = 2147483647;
			files = (
				2C7342E41D1140AE00CED0F3 /* Info.plist in Resources */,
				2C67AB411CFD218E008D53E8 /* Assets.xcassets in Resources */,
				95D1BA681D44B59A00DAE7F9 /* customformats.js in Resources */,
				2C4FFA4B1D2B708500DBEEDB /* Defaults.plist in Resources */,
			);
			runOnlyForDeploymentPostprocessing = 0;
		};
		2C67AB481CFD218E008D53E8 /* Resources */ = {
			isa = PBXResourcesBuildPhase;
			buildActionMask = 2147483647;
			files = (
			);
			runOnlyForDeploymentPostprocessing = 0;
		};
/* End PBXResourcesBuildPhase section */

/* Begin PBXShellScriptBuildPhase section */
		3AD77B0E9339B0CD1262E65E /* [CP] Embed Pods Frameworks */ = {
			isa = PBXShellScriptBuildPhase;
			buildActionMask = 2147483647;
			files = (
			);
			inputPaths = (
			);
			name = "[CP] Embed Pods Frameworks";
			outputPaths = (
			);
			runOnlyForDeploymentPostprocessing = 0;
			shellPath = /bin/sh;
			shellScript = "\"${SRCROOT}/Pods/Target Support Files/Pods-XXTouchApp/Pods-XXTouchApp-frameworks.sh\"\n";
			showEnvVarsInLog = 0;
		};
		92CBE6C185151EE96AF77608 /* [CP] Check Pods Manifest.lock */ = {
			isa = PBXShellScriptBuildPhase;
			buildActionMask = 2147483647;
			files = (
			);
			inputPaths = (
			);
			name = "[CP] Check Pods Manifest.lock";
			outputPaths = (
			);
			runOnlyForDeploymentPostprocessing = 0;
			shellPath = /bin/sh;
			shellScript = "diff \"${PODS_ROOT}/../Podfile.lock\" \"${PODS_ROOT}/Manifest.lock\" > /dev/null\nif [[ $? != 0 ]] ; then\n    cat << EOM\nerror: The sandbox is not in sync with the Podfile.lock. Run 'pod install' or update your CocoaPods installation.\nEOM\n    exit 1\nfi\n";
			showEnvVarsInLog = 0;
		};
		B0D437D117F07BAE5B85D5FB /* [CP] Copy Pods Resources */ = {
			isa = PBXShellScriptBuildPhase;
			buildActionMask = 2147483647;
			files = (
			);
			inputPaths = (
			);
			name = "[CP] Copy Pods Resources";
			outputPaths = (
			);
			runOnlyForDeploymentPostprocessing = 0;
			shellPath = /bin/sh;
			shellScript = "\"${SRCROOT}/Pods/Target Support Files/Pods-XXTouchApp/Pods-XXTouchApp-resources.sh\"\n";
			showEnvVarsInLog = 0;
		};
/* End PBXShellScriptBuildPhase section */

/* Begin PBXSourcesBuildPhase section */
		2C67AB321CFD218E008D53E8 /* Sources */ = {
			isa = PBXSourcesBuildPhase;
			buildActionMask = 2147483647;
			files = (
				2C06B4C71D339F0E000A780C /* UIViewController+Extension.swift in Sources */,
				2C54F0F01D1916E5005F35AD /* AuthorizationBindCell.swift in Sources */,
				2CD2F56D1D13B0D6001C873F /* KeyBoardSettingViewController.swift in Sources */,
				2CF749D81D0577C4007A273B /* MoreViewController.swift in Sources */,
				2C06B4D81D36264B000A780C /* RenameViewController.swift in Sources */,
				2C7342E51D1140AE00CED0F3 /* LayoutConstraint.swift in Sources */,
				2C54F0EB1D1907BC005F35AD /* AuthorizationViewController.swift in Sources */,
				2C7342DF1D1140AE00CED0F3 /* ConstraintItem.swift in Sources */,
				2C7342E11D1140AE00CED0F3 /* ConstraintRelation.swift in Sources */,
				2C73408B1D10FC6100CED0F3 /* SwiftyJSON.swift in Sources */,
				953C5D331D30E4E800477C35 /* UIAlertView+Block.swift in Sources */,
				955DB23D1D1E370200B598C4 /* MixC.swift in Sources */,
				2CF749CD1D0536CB007A273B /* Formatter.swift in Sources */,
				2CF18C041D1A741B007535CD /* DeviceInfoModel.swift in Sources */,
				2CF749BB1CFD80A0007A273B /* ScriptDetailViewController.swift in Sources */,
				9592B4F41D4718C9000B479B /* PhotoBrowsingViewController.swift in Sources */,
				2C4FFA431D2A173F00DBEEDB /* main.swift in Sources */,
				2C06B4D41D3614DA000A780C /* DevelopDocumentInfoViewController.swift in Sources */,
				2C7342DD1D1140AE00CED0F3 /* ConstraintAttributes.swift in Sources */,
				9526C66D1D4A055900EFD1DD /* BasisFuncListViewController.swift in Sources */,
				2C54F0F71D192805005F35AD /* ApplicationListCell.swift in Sources */,
				2C7342E81D1140AE00CED0F3 /* ViewController+SnapKit.swift in Sources */,
				2CD7E7AC1D2F9F7B0023D099 /* UIView+HUD.swift in Sources */,
				2C4FFA501D2B73E100DBEEDB /* Defaults.swift in Sources */,
				2CC5F5881D1CFD040028467F /* MoreRemoteServiceCell.swift in Sources */,
				2C20D81C1D0FC74A009A4990 /* UIViewController+Transition.swift in Sources */,
				95F94B821D1832C300532016 /* StartUpCell.swift in Sources */,
				2C4FFA3C1D2600B100DBEEDB /* PhotoViewController.swift in Sources */,
				2CF749CA1CFDA16F007A273B /* ScriptCell.swift in Sources */,
				955DB23F1D1E3A4E00B598C4 /* FileManager.swift in Sources */,
				2CF18BF71D1946B5007535CD /* ApplicationDetailCell.swift in Sources */,
				2C67AB811CFD2AAA008D53E8 /* AppDelegate.swift in Sources */,
				2C54F0DD1D17ED5D005F35AD /* UserSettingViewController.swift in Sources */,
				2CF18BFA1D1A440B007535CD /* AboutViewController.swift in Sources */,
				95AB90CD1D21717200FA4C52 /* Button.swift in Sources */,
				2C4FFA4E1D2B71AD00DBEEDB /* LocalStorage.swift in Sources */,
				2C54F0DA1D17E436005F35AD /* StartUpListCell.swift in Sources */,
				2CD2F5631D127B90001C873F /* MoreCustomCell.swift in Sources */,
				2CC84C031D17B48600D4230D /* StartUpSettingViewController.swift in Sources */,
				2C06B4CB1D35CF07000A780C /* ScriptInfoViewController.swift in Sources */,
				2CD2F5731D13E7F3001C873F /* RecordSettingViewController.swift in Sources */,
				2C06B4D21D360DF8000A780C /* UserSettingInfoViewController.swift in Sources */,
				2CF18BFF1D1A5E31007535CD /* DevelopDocumentViewController.swift in Sources */,
				2CD2F5701D13C00D001C873F /* KeyBoardSettingCell.swift in Sources */,
				9509B7811D25777A0074010B /* CatalogViewController.swift in Sources */,
				2CF749D31D0562BE007A273B /* ThemeManager.swift in Sources */,
				2CF18C021D1A728B007535CD /* AboutTitleCell.swift in Sources */,
				2C7342E01D1140AE00CED0F3 /* ConstraintMaker.swift in Sources */,
				953C5D391D30EB3C00477C35 /* UIActionSheet+Block.swift in Sources */,
				2C54F0F41D1926CA005F35AD /* ApplicationListModel.swift in Sources */,
				955A45FF1D45DC55005C7372 /* ExtensionFuncListViewController.swift in Sources */,
				2C54F0F91D193559005F35AD /* ApplicationDetailViewController.swift in Sources */,
				95D555F41D30050200499947 /* XXTTextView.swift in Sources */,
				2C54F0E21D17F492005F35AD /* Switches.swift in Sources */,
				2C7342DE1D1140AE00CED0F3 /* ConstraintDescription.swift in Sources */,
				2C06B4D01D35F167000A780C /* KeyBoardSettingInfoViewController.swift in Sources */,
				2C7342ED1D123E9C00CED0F3 /* RenameView.swift in Sources */,
				2C7342DC1D1140AE00CED0F3 /* Constraint.swift in Sources */,
				953949D61D28FC8D00BE75AA /* Service.swift in Sources */,
				95D1BA6C1D44B6B700DAE7F9 /* JsManager.swift in Sources */,
				2CD2F5671D13A1C0001C873F /* Sizer.swift in Sources */,
				2C7342F31D1260D800CED0F3 /* NewNameView.swift in Sources */,
				2C2A051F1D3DE3A900F31EAE /* RecordSettingInfoViewController.swift in Sources */,
				2C54F0E81D18EA99005F35AD /* ApplicationListViewController.swift in Sources */,
				2CF749C71CFD8D1E007A273B /* UIColor+RGB.swift in Sources */,
				2CF18C061D1A80BC007535CD /* AboutInfoCell.swift in Sources */,
				955A46011D45DF92005C7372 /* CustomOneLabelCell.swift in Sources */,
				2CC84C091D17B69200D4230D /* CustomSettingCell.swift in Sources */,
				9526C66F1D4A08A400EFD1DD /* KeyFuncListViewController.swift in Sources */,
				2C06B4CE1D35D4D2000A780C /* CustomLabelCell.swift in Sources */,
				2C7342E31D1140AE00CED0F3 /* EdgeInsets.swift in Sources */,
				2C7342E21D1140AE00CED0F3 /* Debugging.swift in Sources */,
				950FC3611D1988660091DBA4 /* Base64.swift in Sources */,
				2CC84C001D178E2600D4230D /* Suffix.swift in Sources */,
				953C5D3F1D30F99F00477C35 /* CustomButtonCell.swift in Sources */,
				2C67AB821CFD2AAA008D53E8 /* ScriptViewController.swift in Sources */,
				2C7342E61D1140AE00CED0F3 /* SnapKit.swift in Sources */,
				2C7342E71D1140AE00CED0F3 /* View+SnapKit.swift in Sources */,
				955A46051D45F2AC005C7372 /* PosColorListModel.swift in Sources */,
				2CB9ED871D43416200588357 /* BaseTextField.swift in Sources */,
				9592B4F21D470DBF000B479B /* FuncCompletionHandler.swift in Sources */,
				957EDDC61D320809000E1749 /* Version.swift in Sources */,
				9592B4F61D473E12000B479B /* PhotoBrowsingCell.swift in Sources */,
				953C5D371D30EB0400477C35 /* UIResponder+Alert.swift in Sources */,
				2C2E7D371D2C974E00117025 /* CaseString.swift in Sources */,
				2CF749C51CFD8BA6007A273B /* NewScriptViewController.swift in Sources */,
				2CF749D11D053A41007A273B /* ScriptModel.swift in Sources */,
				2CD2F5691D13A280001C873F /* UIDevice+DeviceCheck.swift in Sources */,
				2C54F0EE1D190BE4005F35AD /* AuthorizationCell.swift in Sources */,
				2CF749BF1CFD8552007A273B /* Constants.swift in Sources */,
				2C06B4D61D3618FF000A780C /* NewNameViewController.swift in Sources */,
			);
			runOnlyForDeploymentPostprocessing = 0;
		};
		2C67AB461CFD218E008D53E8 /* Sources */ = {
			isa = PBXSourcesBuildPhase;
			buildActionMask = 2147483647;
			files = (
				2C67AB4F1CFD218E008D53E8 /* XXTouchAppTests.swift in Sources */,
			);
			runOnlyForDeploymentPostprocessing = 0;
		};
/* End PBXSourcesBuildPhase section */

/* Begin PBXTargetDependency section */
		2C67AB4C1CFD218E008D53E8 /* PBXTargetDependency */ = {
			isa = PBXTargetDependency;
			target = 2C67AB351CFD218E008D53E8 /* XXTouchApp */;
			targetProxy = 2C67AB4B1CFD218E008D53E8 /* PBXContainerItemProxy */;
		};
/* End PBXTargetDependency section */

/* Begin XCBuildConfiguration section */
		2C67AB5C1CFD218E008D53E8 /* Debug */ = {
			isa = XCBuildConfiguration;
			buildSettings = {
				ALWAYS_SEARCH_USER_PATHS = NO;
				CLANG_ANALYZER_NONNULL = YES;
				CLANG_CXX_LANGUAGE_STANDARD = "gnu++0x";
				CLANG_CXX_LIBRARY = "libc++";
				CLANG_ENABLE_MODULES = YES;
				CLANG_ENABLE_OBJC_ARC = YES;
				CLANG_WARN_BOOL_CONVERSION = YES;
				CLANG_WARN_CONSTANT_CONVERSION = YES;
				CLANG_WARN_DIRECT_OBJC_ISA_USAGE = YES_ERROR;
				CLANG_WARN_EMPTY_BODY = YES;
				CLANG_WARN_ENUM_CONVERSION = YES;
				CLANG_WARN_INT_CONVERSION = YES;
				CLANG_WARN_OBJC_ROOT_CLASS = YES_ERROR;
				CLANG_WARN_UNREACHABLE_CODE = YES;
				CLANG_WARN__DUPLICATE_METHOD_MATCH = YES;
				"CODE_SIGN_IDENTITY[sdk=iphoneos*]" = "iPhone Developer";
				COPY_PHASE_STRIP = NO;
				DEBUG_INFORMATION_FORMAT = dwarf;
				ENABLE_STRICT_OBJC_MSGSEND = YES;
				ENABLE_TESTABILITY = YES;
				GCC_C_LANGUAGE_STANDARD = gnu99;
				GCC_DYNAMIC_NO_PIC = NO;
				GCC_NO_COMMON_BLOCKS = YES;
				GCC_OPTIMIZATION_LEVEL = 0;
				GCC_PREPROCESSOR_DEFINITIONS = (
					"DEBUG=1",
					"$(inherited)",
				);
				GCC_WARN_64_TO_32_BIT_CONVERSION = YES;
				GCC_WARN_ABOUT_RETURN_TYPE = YES_ERROR;
				GCC_WARN_UNDECLARED_SELECTOR = YES;
				GCC_WARN_UNINITIALIZED_AUTOS = YES_AGGRESSIVE;
				GCC_WARN_UNUSED_FUNCTION = YES;
				GCC_WARN_UNUSED_VARIABLE = YES;
				IPHONEOS_DEPLOYMENT_TARGET = 7.0;
				MTL_ENABLE_DEBUG_INFO = YES;
				ONLY_ACTIVE_ARCH = YES;
				SDKROOT = iphoneos;
				SWIFT_OPTIMIZATION_LEVEL = "-Onone";
				TARGETED_DEVICE_FAMILY = "1,2";
				VALID_ARCHS = "armv7 arm64 armv7s";
			};
			name = Debug;
		};
		2C67AB5D1CFD218E008D53E8 /* Release */ = {
			isa = XCBuildConfiguration;
			buildSettings = {
				ALWAYS_SEARCH_USER_PATHS = NO;
				CLANG_ANALYZER_NONNULL = YES;
				CLANG_CXX_LANGUAGE_STANDARD = "gnu++0x";
				CLANG_CXX_LIBRARY = "libc++";
				CLANG_ENABLE_MODULES = YES;
				CLANG_ENABLE_OBJC_ARC = YES;
				CLANG_WARN_BOOL_CONVERSION = YES;
				CLANG_WARN_CONSTANT_CONVERSION = YES;
				CLANG_WARN_DIRECT_OBJC_ISA_USAGE = YES_ERROR;
				CLANG_WARN_EMPTY_BODY = YES;
				CLANG_WARN_ENUM_CONVERSION = YES;
				CLANG_WARN_INT_CONVERSION = YES;
				CLANG_WARN_OBJC_ROOT_CLASS = YES_ERROR;
				CLANG_WARN_UNREACHABLE_CODE = YES;
				CLANG_WARN__DUPLICATE_METHOD_MATCH = YES;
				"CODE_SIGN_IDENTITY[sdk=iphoneos*]" = "iPhone Developer";
				COPY_PHASE_STRIP = NO;
				DEBUG_INFORMATION_FORMAT = "dwarf-with-dsym";
				ENABLE_NS_ASSERTIONS = NO;
				ENABLE_STRICT_OBJC_MSGSEND = YES;
				GCC_C_LANGUAGE_STANDARD = gnu99;
				GCC_NO_COMMON_BLOCKS = YES;
				GCC_WARN_64_TO_32_BIT_CONVERSION = YES;
				GCC_WARN_ABOUT_RETURN_TYPE = YES_ERROR;
				GCC_WARN_UNDECLARED_SELECTOR = YES;
				GCC_WARN_UNINITIALIZED_AUTOS = YES_AGGRESSIVE;
				GCC_WARN_UNUSED_FUNCTION = YES;
				GCC_WARN_UNUSED_VARIABLE = YES;
				IPHONEOS_DEPLOYMENT_TARGET = 7.0;
				MTL_ENABLE_DEBUG_INFO = NO;
				SDKROOT = iphoneos;
				TARGETED_DEVICE_FAMILY = "1,2";
				VALIDATE_PRODUCT = YES;
				VALID_ARCHS = "armv7 arm64 armv7s";
			};
			name = Release;
		};
		2C67AB5F1CFD218E008D53E8 /* Debug */ = {
			isa = XCBuildConfiguration;
			baseConfigurationReference = 8A6F1DF544CDD739F1B52DAA /* Pods-XXTouchApp.debug.xcconfig */;
			buildSettings = {
				ASSETCATALOG_COMPILER_APPICON_NAME = AppIcon;
				ASSETCATALOG_COMPILER_LAUNCHIMAGE_NAME = LaunchImage;
				CODE_SIGN_IDENTITY = "iPhone Developer";
				"CODE_SIGN_IDENTITY[sdk=iphoneos*]" = "iPhone Developer";
				FRAMEWORK_SEARCH_PATHS = (
					"$(inherited)",
					"$(PROJECT_DIR)/XXTouchApp/Classes/ThirdParty/LPRefresh",
				);
				INFOPLIST_FILE = "XXTouchApp/Supporting Files/Info.plist";
				LD_RUNPATH_SEARCH_PATHS = "$(inherited) @executable_path/Frameworks";
				OTHER_SWIFT_FLAGS = "-DSNAPKIT_DEPLOYMENT_LEGACY";
				PRODUCT_BUNDLE_IDENTIFIER = com.1func.xxtouch;
				PRODUCT_NAME = XXTouchApp;
				PROVISIONING_PROFILE = "";
				SWIFT_OBJC_BRIDGING_HEADER = "XXTouchApp/Classes/Bridging-Header.h";
				TARGETED_DEVICE_FAMILY = "1,2";
				VALID_ARCHS = "armv7 armv7s arm64";
			};
			name = Debug;
		};
		2C67AB601CFD218E008D53E8 /* Release */ = {
			isa = XCBuildConfiguration;
			baseConfigurationReference = 371DCC2DEDA3C1059AE8CE25 /* Pods-XXTouchApp.release.xcconfig */;
			buildSettings = {
				ASSETCATALOG_COMPILER_APPICON_NAME = AppIcon;
				ASSETCATALOG_COMPILER_LAUNCHIMAGE_NAME = LaunchImage;
				CODE_SIGN_IDENTITY = "iPhone Developer";
				"CODE_SIGN_IDENTITY[sdk=iphoneos*]" = "iPhone Developer";
				FRAMEWORK_SEARCH_PATHS = (
					"$(inherited)",
					"$(PROJECT_DIR)/XXTouchApp/Classes/ThirdParty/LPRefresh",
				);
				INFOPLIST_FILE = "XXTouchApp/Supporting Files/Info.plist";
				LD_RUNPATH_SEARCH_PATHS = "$(inherited) @executable_path/Frameworks";
				OTHER_SWIFT_FLAGS = "-DSNAPKIT_DEPLOYMENT_LEGACY";
				PRODUCT_BUNDLE_IDENTIFIER = com.1func.xxtouch;
				PRODUCT_NAME = XXTouchApp;
				PROVISIONING_PROFILE = "";
				SWIFT_OBJC_BRIDGING_HEADER = "XXTouchApp/Classes/Bridging-Header.h";
				TARGETED_DEVICE_FAMILY = "1,2";
				VALID_ARCHS = "armv7 armv7s arm64";
			};
			name = Release;
		};
		2C67AB621CFD218E008D53E8 /* Debug */ = {
			isa = XCBuildConfiguration;
			buildSettings = {
				BUNDLE_LOADER = "$(TEST_HOST)";
				INFOPLIST_FILE = OneFuncAppTests/Info.plist;
				LD_RUNPATH_SEARCH_PATHS = "$(inherited) @executable_path/Frameworks @loader_path/Frameworks";
				PRODUCT_BUNDLE_IDENTIFIER = mcy.OneFuncAppTests;
				PRODUCT_NAME = XXTouchApp;
				TEST_HOST = "$(BUILT_PRODUCTS_DIR)/XXTouchApp.app/XXTouchApp";
			};
			name = Debug;
		};
		2C67AB631CFD218E008D53E8 /* Release */ = {
			isa = XCBuildConfiguration;
			buildSettings = {
				BUNDLE_LOADER = "$(TEST_HOST)";
				INFOPLIST_FILE = OneFuncAppTests/Info.plist;
				LD_RUNPATH_SEARCH_PATHS = "$(inherited) @executable_path/Frameworks @loader_path/Frameworks";
				PRODUCT_BUNDLE_IDENTIFIER = mcy.OneFuncAppTests;
				PRODUCT_NAME = XXTouchApp;
				TEST_HOST = "$(BUILT_PRODUCTS_DIR)/XXTouchApp.app/XXTouchApp";
			};
			name = Release;
		};
/* End XCBuildConfiguration section */

/* Begin XCConfigurationList section */
		2C67AB311CFD218E008D53E8 /* Build configuration list for PBXProject "XXTouchApp" */ = {
			isa = XCConfigurationList;
			buildConfigurations = (
				2C67AB5C1CFD218E008D53E8 /* Debug */,
				2C67AB5D1CFD218E008D53E8 /* Release */,
			);
			defaultConfigurationIsVisible = 0;
			defaultConfigurationName = Release;
		};
		2C67AB5E1CFD218E008D53E8 /* Build configuration list for PBXNativeTarget "XXTouchApp" */ = {
			isa = XCConfigurationList;
			buildConfigurations = (
				2C67AB5F1CFD218E008D53E8 /* Debug */,
				2C67AB601CFD218E008D53E8 /* Release */,
			);
			defaultConfigurationIsVisible = 0;
			defaultConfigurationName = Release;
		};
		2C67AB611CFD218E008D53E8 /* Build configuration list for PBXNativeTarget "XXTouchAppTests" */ = {
			isa = XCConfigurationList;
			buildConfigurations = (
				2C67AB621CFD218E008D53E8 /* Debug */,
				2C67AB631CFD218E008D53E8 /* Release */,
			);
			defaultConfigurationIsVisible = 0;
			defaultConfigurationName = Release;
		};
/* End XCConfigurationList section */
	};
	rootObject = 2C67AB2E1CFD218E008D53E8 /* Project object */;
}
